// !$*UTF8*$!
{
	archiveVersion = 1;
	classes = {
	};
	objectVersion = 46;
	objects = {

/* Begin PBXBuildFile section */
		9A2388DE1B67A3420090927F /* WebController.swift in Sources */ = {isa = PBXBuildFile; fileRef = 9A2388DD1B67A3420090927F /* WebController.swift */; };
		9A37A6471B6789AE0067B8DB /* JBParallaxCell.m in Sources */ = {isa = PBXBuildFile; fileRef = 9A37A6461B6789AE0067B8DB /* JBParallaxCell.m */; };
		9A4565FC1B4D8B4500C40073 /* AppDelegate.swift in Sources */ = {isa = PBXBuildFile; fileRef = 9A4565FB1B4D8B4500C40073 /* AppDelegate.swift */; };
		9A4566011B4D8B4500C40073 /* Main.storyboard in Resources */ = {isa = PBXBuildFile; fileRef = 9A4565FF1B4D8B4500C40073 /* Main.storyboard */; };
		9A4566031B4D8B4500C40073 /* Images.xcassets in Resources */ = {isa = PBXBuildFile; fileRef = 9A4566021B4D8B4500C40073 /* Images.xcassets */; };
		9A4566061B4D8B4500C40073 /* LaunchScreen.xib in Resources */ = {isa = PBXBuildFile; fileRef = 9A4566041B4D8B4500C40073 /* LaunchScreen.xib */; };
		9A4566121B4D8B4500C40073 /* ShopFinderTests.swift in Sources */ = {isa = PBXBuildFile; fileRef = 9A4566111B4D8B4500C40073 /* ShopFinderTests.swift */; };
		9A45661C1B4D98B300C40073 /* MainRootController.swift in Sources */ = {isa = PBXBuildFile; fileRef = 9A45661B1B4D98B300C40073 /* MainRootController.swift */; };
		9A4566351B4DA2C600C40073 /* MenuController.swift in Sources */ = {isa = PBXBuildFile; fileRef = 9A4566341B4DA2C600C40073 /* MenuController.swift */; };
		9A4701041B56A99800A4B8E3 /* ShopListController.swift in Sources */ = {isa = PBXBuildFile; fileRef = 9A4701031B56A99800A4B8E3 /* ShopListController.swift */; };
		9A47010B1B56D77A00A4B8E3 /* ServerManager.swift in Sources */ = {isa = PBXBuildFile; fileRef = 9A47010A1B56D77A00A4B8E3 /* ServerManager.swift */; };
		9A47010F1B56E77E00A4B8E3 /* ShopCell.swift in Sources */ = {isa = PBXBuildFile; fileRef = 9A47010E1B56E77E00A4B8E3 /* ShopCell.swift */; };
		9A4701111B56EB5A00A4B8E3 /* ShopDetailController.swift in Sources */ = {isa = PBXBuildFile; fileRef = 9A4701101B56EB5A00A4B8E3 /* ShopDetailController.swift */; };
		9A4701131B56ED7E00A4B8E3 /* MapKit.framework in Frameworks */ = {isa = PBXBuildFile; fileRef = 9A4701121B56ED7E00A4B8E3 /* MapKit.framework */; };
		9A47A8941B5D18D20098E743 /* FontAwesome.otf in Resources */ = {isa = PBXBuildFile; fileRef = 9A47A8901B5D18D20098E743 /* FontAwesome.otf */; };
		9A47A8951B5D18D20098E743 /* foundation-icons.ttf in Resources */ = {isa = PBXBuildFile; fileRef = 9A47A8911B5D18D20098E743 /* foundation-icons.ttf */; };
		9A47A8961B5D18D20098E743 /* ionicons.ttf in Resources */ = {isa = PBXBuildFile; fileRef = 9A47A8921B5D18D20098E743 /* ionicons.ttf */; };
		9A47A8971B5D18D20098E743 /* zocial-regular-webfont.ttf in Resources */ = {isa = PBXBuildFile; fileRef = 9A47A8931B5D18D20098E743 /* zocial-regular-webfont.ttf */; };
		9A84AAD01B8F397A002CF88B /* ParallaxHeaderView.m in Sources */ = {isa = PBXBuildFile; fileRef = 9A84AACF1B8F397A002CF88B /* ParallaxHeaderView.m */; };
		9A84AAD31B8F398C002CF88B /* UIImage+ImageEffects.m in Sources */ = {isa = PBXBuildFile; fileRef = 9A84AAD21B8F398C002CF88B /* UIImage+ImageEffects.m */; };
		9A8CB5BB1B594F06005B9754 /* AppConfig.swift in Sources */ = {isa = PBXBuildFile; fileRef = 9A8CB5BA1B594F06005B9754 /* AppConfig.swift */; };
		9A8CB5BD1B59AA7E005B9754 /* ShopFilterOptionsController.swift in Sources */ = {isa = PBXBuildFile; fileRef = 9A8CB5BC1B59AA7E005B9754 /* ShopFilterOptionsController.swift */; };
		9AD808FB1B5FDA780077DFD1 /* FADesignableIconButton.swift in Sources */ = {isa = PBXBuildFile; fileRef = 9AD808F61B5FDA780077DFD1 /* FADesignableIconButton.swift */; };
		9AD808FC1B5FDA780077DFD1 /* FADesignableIconLabel.swift in Sources */ = {isa = PBXBuildFile; fileRef = 9AD808F71B5FDA780077DFD1 /* FADesignableIconLabel.swift */; };
		9AD808FD1B5FDA780077DFD1 /* PopAnimator.swift in Sources */ = {isa = PBXBuildFile; fileRef = 9AD808F81B5FDA780077DFD1 /* PopAnimator.swift */; };
		9AD808FE1B5FDA780077DFD1 /* UIView+VisualEffects.swift in Sources */ = {isa = PBXBuildFile; fileRef = 9AD808F91B5FDA780077DFD1 /* UIView+VisualEffects.swift */; };
		9AD808FF1B5FDA780077DFD1 /* ZoomAnimator.swift in Sources */ = {isa = PBXBuildFile; fileRef = 9AD808FA1B5FDA780077DFD1 /* ZoomAnimator.swift */; };
		9AD809051B5FE8DF0077DFD1 /* SettingsController.swift in Sources */ = {isa = PBXBuildFile; fileRef = 9AD809041B5FE8DF0077DFD1 /* SettingsController.swift */; };
		9AD809071B60F3D60077DFD1 /* UIViewController+Style.swift in Sources */ = {isa = PBXBuildFile; fileRef = 9AD809061B60F3D60077DFD1 /* UIViewController+Style.swift */; };
		9AD8090C1B643E8A0077DFD1 /* YALSunnyRefreshControl.m in Sources */ = {isa = PBXBuildFile; fileRef = 9AD8090A1B643E8A0077DFD1 /* YALSunnyRefreshControl.m */; };
		9AD8090D1B643E8A0077DFD1 /* YALSunnyRefreshControl.xib in Resources */ = {isa = PBXBuildFile; fileRef = 9AD8090B1B643E8A0077DFD1 /* YALSunnyRefreshControl.xib */; };
		9AE65A2D1BA6F62C00FDC1B6 /* BaseController.swift in Sources */ = {isa = PBXBuildFile; fileRef = 9AE65A2C1BA6F62C00FDC1B6 /* BaseController.swift */; };
		9AE65A2F1BA7012E00FDC1B6 /* String+Helpers.swift in Sources */ = {isa = PBXBuildFile; fileRef = 9AE65A2E1BA7012E00FDC1B6 /* String+Helpers.swift */; };
		E3EFD600EB3CCFE5FAA7711A /* Pods.framework in Frameworks */ = {isa = PBXBuildFile; fileRef = 381840E40228E8039A62F769 /* Pods.framework */; settings = {ATTRIBUTES = (Weak, ); }; };
/* End PBXBuildFile section */

/* Begin PBXContainerItemProxy section */
		9A45660C1B4D8B4500C40073 /* PBXContainerItemProxy */ = {
			isa = PBXContainerItemProxy;
			containerPortal = 9A4565EE1B4D8B4400C40073 /* Project object */;
			proxyType = 1;
			remoteGlobalIDString = 9A4565F51B4D8B4400C40073;
			remoteInfo = ShopFinder;
		};
/* End PBXContainerItemProxy section */

/* Begin PBXFileReference section */
		182D109AC3AA1CD2F75BDABF /* Pods.release.xcconfig */ = {isa = PBXFileReference; includeInIndex = 1; lastKnownFileType = text.xcconfig; name = Pods.release.xcconfig; path = "Pods/Target Support Files/Pods/Pods.release.xcconfig"; sourceTree = "<group>"; };
		381840E40228E8039A62F769 /* Pods.framework */ = {isa = PBXFileReference; explicitFileType = wrapper.framework; includeInIndex = 0; path = Pods.framework; sourceTree = BUILT_PRODUCTS_DIR; };
		8B29ED826246084DC28B7E2D /* Pods.debug.xcconfig */ = {isa = PBXFileReference; includeInIndex = 1; lastKnownFileType = text.xcconfig; name = Pods.debug.xcconfig; path = "Pods/Target Support Files/Pods/Pods.debug.xcconfig"; sourceTree = "<group>"; };
		9A2388DD1B67A3420090927F /* WebController.swift */ = {isa = PBXFileReference; fileEncoding = 4; lastKnownFileType = sourcecode.swift; path = WebController.swift; sourceTree = "<group>"; };
		9A37A6451B6789AE0067B8DB /* JBParallaxCell.h */ = {isa = PBXFileReference; fileEncoding = 4; lastKnownFileType = sourcecode.c.h; path = JBParallaxCell.h; sourceTree = "<group>"; };
		9A37A6461B6789AE0067B8DB /* JBParallaxCell.m */ = {isa = PBXFileReference; fileEncoding = 4; lastKnownFileType = sourcecode.c.objc; path = JBParallaxCell.m; sourceTree = "<group>"; };
		9A4565F61B4D8B4400C40073 /* ShopFinder.app */ = {isa = PBXFileReference; explicitFileType = wrapper.application; includeInIndex = 0; path = ShopFinder.app; sourceTree = BUILT_PRODUCTS_DIR; };
		9A4565FA1B4D8B4500C40073 /* Info.plist */ = {isa = PBXFileReference; lastKnownFileType = text.plist.xml; path = Info.plist; sourceTree = "<group>"; };
		9A4565FB1B4D8B4500C40073 /* AppDelegate.swift */ = {isa = PBXFileReference; lastKnownFileType = sourcecode.swift; path = AppDelegate.swift; sourceTree = "<group>"; };
		9A4566001B4D8B4500C40073 /* Base */ = {isa = PBXFileReference; lastKnownFileType = file.storyboard; name = Base; path = Base.lproj/Main.storyboard; sourceTree = "<group>"; };
		9A4566021B4D8B4500C40073 /* Images.xcassets */ = {isa = PBXFileReference; lastKnownFileType = folder.assetcatalog; path = Images.xcassets; sourceTree = "<group>"; };
		9A4566051B4D8B4500C40073 /* Base */ = {isa = PBXFileReference; lastKnownFileType = file.xib; name = Base; path = Base.lproj/LaunchScreen.xib; sourceTree = "<group>"; };
		9A45660B1B4D8B4500C40073 /* ShopFinderTests.xctest */ = {isa = PBXFileReference; explicitFileType = wrapper.cfbundle; includeInIndex = 0; path = ShopFinderTests.xctest; sourceTree = BUILT_PRODUCTS_DIR; };
		9A4566101B4D8B4500C40073 /* Info.plist */ = {isa = PBXFileReference; lastKnownFileType = text.plist.xml; path = Info.plist; sourceTree = "<group>"; };
		9A4566111B4D8B4500C40073 /* ShopFinderTests.swift */ = {isa = PBXFileReference; lastKnownFileType = sourcecode.swift; path = ShopFinderTests.swift; sourceTree = "<group>"; };
		9A45661B1B4D98B300C40073 /* MainRootController.swift */ = {isa = PBXFileReference; fileEncoding = 4; lastKnownFileType = sourcecode.swift; path = MainRootController.swift; sourceTree = "<group>"; };
		9A4566201B4D998400C40073 /* ShopFinder-Bridging-Header.h */ = {isa = PBXFileReference; lastKnownFileType = sourcecode.c.h; path = "ShopFinder-Bridging-Header.h"; sourceTree = "<group>"; };
		9A4566341B4DA2C600C40073 /* MenuController.swift */ = {isa = PBXFileReference; fileEncoding = 4; lastKnownFileType = sourcecode.swift; path = MenuController.swift; sourceTree = "<group>"; };
		9A4701031B56A99800A4B8E3 /* ShopListController.swift */ = {isa = PBXFileReference; fileEncoding = 4; lastKnownFileType = sourcecode.swift; path = ShopListController.swift; sourceTree = "<group>"; };
		9A47010A1B56D77A00A4B8E3 /* ServerManager.swift */ = {isa = PBXFileReference; fileEncoding = 4; lastKnownFileType = sourcecode.swift; path = ServerManager.swift; sourceTree = "<group>"; };
		9A47010E1B56E77E00A4B8E3 /* ShopCell.swift */ = {isa = PBXFileReference; fileEncoding = 4; lastKnownFileType = sourcecode.swift; path = ShopCell.swift; sourceTree = "<group>"; };
		9A4701101B56EB5A00A4B8E3 /* ShopDetailController.swift */ = {isa = PBXFileReference; fileEncoding = 4; lastKnownFileType = sourcecode.swift; path = ShopDetailController.swift; sourceTree = "<group>"; };
		9A4701121B56ED7E00A4B8E3 /* MapKit.framework */ = {isa = PBXFileReference; lastKnownFileType = wrapper.framework; name = MapKit.framework; path = System/Library/Frameworks/MapKit.framework; sourceTree = SDKROOT; };
		9A47A8901B5D18D20098E743 /* FontAwesome.otf */ = {isa = PBXFileReference; lastKnownFileType = file; path = FontAwesome.otf; sourceTree = "<group>"; };
		9A47A8911B5D18D20098E743 /* foundation-icons.ttf */ = {isa = PBXFileReference; lastKnownFileType = file; path = "foundation-icons.ttf"; sourceTree = "<group>"; };
		9A47A8921B5D18D20098E743 /* ionicons.ttf */ = {isa = PBXFileReference; lastKnownFileType = file; path = ionicons.ttf; sourceTree = "<group>"; };
		9A47A8931B5D18D20098E743 /* zocial-regular-webfont.ttf */ = {isa = PBXFileReference; lastKnownFileType = file; path = "zocial-regular-webfont.ttf"; sourceTree = "<group>"; };
		9A84AACE1B8F397A002CF88B /* ParallaxHeaderView.h */ = {isa = PBXFileReference; fileEncoding = 4; lastKnownFileType = sourcecode.c.h; name = ParallaxHeaderView.h; path = YALSunnyRefreshControll/ParallaxHeaderView.h; sourceTree = "<group>"; };
		9A84AACF1B8F397A002CF88B /* ParallaxHeaderView.m */ = {isa = PBXFileReference; fileEncoding = 4; lastKnownFileType = sourcecode.c.objc; name = ParallaxHeaderView.m; path = YALSunnyRefreshControll/ParallaxHeaderView.m; sourceTree = "<group>"; };
		9A84AAD11B8F398C002CF88B /* UIImage+ImageEffects.h */ = {isa = PBXFileReference; fileEncoding = 4; lastKnownFileType = sourcecode.c.h; path = "UIImage+ImageEffects.h"; sourceTree = "<group>"; };
		9A84AAD21B8F398C002CF88B /* UIImage+ImageEffects.m */ = {isa = PBXFileReference; fileEncoding = 4; lastKnownFileType = sourcecode.c.objc; path = "UIImage+ImageEffects.m"; sourceTree = "<group>"; };
		9A8CB5B61B594D77005B9754 /* GoogleMobileAds.framework */ = {isa = PBXFileReference; lastKnownFileType = wrapper.framework; name = GoogleMobileAds.framework; path = "../../../../../Downloads/GoogleMobileAdsSdkiOS-7.3.1/GoogleMobileAds.framework"; sourceTree = "<group>"; };
		9A8CB5BA1B594F06005B9754 /* AppConfig.swift */ = {isa = PBXFileReference; fileEncoding = 4; lastKnownFileType = sourcecode.swift; path = AppConfig.swift; sourceTree = "<group>"; };
		9A8CB5BC1B59AA7E005B9754 /* ShopFilterOptionsController.swift */ = {isa = PBXFileReference; fileEncoding = 4; lastKnownFileType = sourcecode.swift; path = ShopFilterOptionsController.swift; sourceTree = "<group>"; };
		9AD808F61B5FDA780077DFD1 /* FADesignableIconButton.swift */ = {isa = PBXFileReference; fileEncoding = 4; lastKnownFileType = sourcecode.swift; path = FADesignableIconButton.swift; sourceTree = "<group>"; };
		9AD808F71B5FDA780077DFD1 /* FADesignableIconLabel.swift */ = {isa = PBXFileReference; fileEncoding = 4; lastKnownFileType = sourcecode.swift; path = FADesignableIconLabel.swift; sourceTree = "<group>"; };
		9AD808F81B5FDA780077DFD1 /* PopAnimator.swift */ = {isa = PBXFileReference; fileEncoding = 4; lastKnownFileType = sourcecode.swift; path = PopAnimator.swift; sourceTree = "<group>"; };
		9AD808F91B5FDA780077DFD1 /* UIView+VisualEffects.swift */ = {isa = PBXFileReference; fileEncoding = 4; lastKnownFileType = sourcecode.swift; path = "UIView+VisualEffects.swift"; sourceTree = "<group>"; };
		9AD808FA1B5FDA780077DFD1 /* ZoomAnimator.swift */ = {isa = PBXFileReference; fileEncoding = 4; lastKnownFileType = sourcecode.swift; path = ZoomAnimator.swift; sourceTree = "<group>"; };
		9AD809041B5FE8DF0077DFD1 /* SettingsController.swift */ = {isa = PBXFileReference; fileEncoding = 4; lastKnownFileType = sourcecode.swift; path = SettingsController.swift; sourceTree = "<group>"; };
		9AD809061B60F3D60077DFD1 /* UIViewController+Style.swift */ = {isa = PBXFileReference; fileEncoding = 4; lastKnownFileType = sourcecode.swift; path = "UIViewController+Style.swift"; sourceTree = "<group>"; };
		9AD809091B643E8A0077DFD1 /* YALSunnyRefreshControl.h */ = {isa = PBXFileReference; fileEncoding = 4; lastKnownFileType = sourcecode.c.h; path = YALSunnyRefreshControl.h; sourceTree = "<group>"; };
		9AD8090A1B643E8A0077DFD1 /* YALSunnyRefreshControl.m */ = {isa = PBXFileReference; fileEncoding = 4; lastKnownFileType = sourcecode.c.objc; path = YALSunnyRefreshControl.m; sourceTree = "<group>"; };
		9AD8090B1B643E8A0077DFD1 /* YALSunnyRefreshControl.xib */ = {isa = PBXFileReference; fileEncoding = 4; lastKnownFileType = file.xib; path = YALSunnyRefreshControl.xib; sourceTree = "<group>"; };
		9AE65A2C1BA6F62C00FDC1B6 /* BaseController.swift */ = {isa = PBXFileReference; fileEncoding = 4; lastKnownFileType = sourcecode.swift; path = BaseController.swift; sourceTree = "<group>"; };
		9AE65A2E1BA7012E00FDC1B6 /* String+Helpers.swift */ = {isa = PBXFileReference; fileEncoding = 4; lastKnownFileType = sourcecode.swift; path = "String+Helpers.swift"; sourceTree = "<group>"; };
/* End PBXFileReference section */

/* Begin PBXFrameworksBuildPhase section */
		9A4565F31B4D8B4400C40073 /* Frameworks */ = {
			isa = PBXFrameworksBuildPhase;
			buildActionMask = 2147483647;
			files = (
				9A4701131B56ED7E00A4B8E3 /* MapKit.framework in Frameworks */,
				E3EFD600EB3CCFE5FAA7711A /* Pods.framework in Frameworks */,
			);
			runOnlyForDeploymentPostprocessing = 0;
		};
		9A4566081B4D8B4500C40073 /* Frameworks */ = {
			isa = PBXFrameworksBuildPhase;
			buildActionMask = 2147483647;
			files = (
			);
			runOnlyForDeploymentPostprocessing = 0;
		};
/* End PBXFrameworksBuildPhase section */

/* Begin PBXGroup section */
		05EE43479FCE964C4014860C /* Frameworks */ = {
			isa = PBXGroup;
			children = (
				9A8CB5B61B594D77005B9754 /* GoogleMobileAds.framework */,
				9A4701121B56ED7E00A4B8E3 /* MapKit.framework */,
				381840E40228E8039A62F769 /* Pods.framework */,
			);
			name = Frameworks;
			sourceTree = "<group>";
		};
		58C7BB35F6AE1E342D4CA3B3 /* Pods */ = {
			isa = PBXGroup;
			children = (
				8B29ED826246084DC28B7E2D /* Pods.debug.xcconfig */,
				182D109AC3AA1CD2F75BDABF /* Pods.release.xcconfig */,
			);
			name = Pods;
			sourceTree = "<group>";
		};
		9A37A6441B6789A20067B8DB /* ParallaxCell */ = {
			isa = PBXGroup;
			children = (
				9A37A6451B6789AE0067B8DB /* JBParallaxCell.h */,
				9A37A6461B6789AE0067B8DB /* JBParallaxCell.m */,
			);
			name = ParallaxCell;
			sourceTree = "<group>";
		};
		9A4565ED1B4D8B4400C40073 = {
			isa = PBXGroup;
			children = (
				9A4565F81B4D8B4400C40073 /* ShopFinder */,
				9A45660E1B4D8B4500C40073 /* ShopFinderTests */,
				9A4565F71B4D8B4400C40073 /* Products */,
				58C7BB35F6AE1E342D4CA3B3 /* Pods */,
				05EE43479FCE964C4014860C /* Frameworks */,
			);
			sourceTree = "<group>";
		};
		9A4565F71B4D8B4400C40073 /* Products */ = {
			isa = PBXGroup;
			children = (
				9A4565F61B4D8B4400C40073 /* ShopFinder.app */,
				9A45660B1B4D8B4500C40073 /* ShopFinderTests.xctest */,
			);
			name = Products;
			sourceTree = "<group>";
		};
		9A4565F81B4D8B4400C40073 /* ShopFinder */ = {
			isa = PBXGroup;
			children = (
				9A45661D1B4D990D00C40073 /* ThirdParty */,
				9A4566321B4DA28800C40073 /* Classes */,
				9A4566331B4DA2A600C40073 /* Storyboards */,
				9A4566021B4D8B4500C40073 /* Images.xcassets */,
				9A4565F91B4D8B4500C40073 /* Supporting Files */,
			);
			path = ShopFinder;
			sourceTree = "<group>";
		};
		9A4565F91B4D8B4500C40073 /* Supporting Files */ = {
			isa = PBXGroup;
			children = (
				9A47A88F1B5D18D20098E743 /* Fonts */,
				9A4566201B4D998400C40073 /* ShopFinder-Bridging-Header.h */,
				9A4565FA1B4D8B4500C40073 /* Info.plist */,
			);
			name = "Supporting Files";
			sourceTree = "<group>";
		};
		9A45660E1B4D8B4500C40073 /* ShopFinderTests */ = {
			isa = PBXGroup;
			children = (
				9A4566111B4D8B4500C40073 /* ShopFinderTests.swift */,
				9A45660F1B4D8B4500C40073 /* Supporting Files */,
			);
			path = ShopFinderTests;
			sourceTree = "<group>";
		};
		9A45660F1B4D8B4500C40073 /* Supporting Files */ = {
			isa = PBXGroup;
			children = (
				9A4566101B4D8B4500C40073 /* Info.plist */,
			);
			name = "Supporting Files";
			sourceTree = "<group>";
		};
		9A45661D1B4D990D00C40073 /* ThirdParty */ = {
			isa = PBXGroup;
			children = (
				9A84AACD1B8F394F002CF88B /* ParallaxHeader */,
				9AD809081B643E8A0077DFD1 /* YALSunnyRefreshControll */,
				9A37A6441B6789A20067B8DB /* ParallaxCell */,
			);
			name = ThirdParty;
			sourceTree = "<group>";
		};
		9A4566321B4DA28800C40073 /* Classes */ = {
			isa = PBXGroup;
			children = (
				9AD808F51B5FDA5A0077DFD1 /* Extensions */,
				9A4701091B56D72E00A4B8E3 /* Server */,
				9A4701051B56AB1600A4B8E3 /* Main */,
				9A4701061B56AB2300A4B8E3 /* Modules */,
			);
			name = Classes;
			sourceTree = "<group>";
		};
		9A4566331B4DA2A600C40073 /* Storyboards */ = {
			isa = PBXGroup;
			children = (
				9A4565FF1B4D8B4500C40073 /* Main.storyboard */,
				9A4566041B4D8B4500C40073 /* LaunchScreen.xib */,
			);
			name = Storyboards;
			sourceTree = "<group>";
		};
		9A4701051B56AB1600A4B8E3 /* Main */ = {
			isa = PBXGroup;
			children = (
				9A4565FB1B4D8B4500C40073 /* AppDelegate.swift */,
				9A8CB5BA1B594F06005B9754 /* AppConfig.swift */,
				9A45661B1B4D98B300C40073 /* MainRootController.swift */,
				9A4566341B4DA2C600C40073 /* MenuController.swift */,
			);
			name = Main;
			sourceTree = "<group>";
		};
		9A4701061B56AB2300A4B8E3 /* Modules */ = {
			isa = PBXGroup;
			children = (
				9AE65A2B1BA6F61500FDC1B6 /* Base */,
				9AD809031B5FE8B20077DFD1 /* Settings */,
				9A47010C1B56E76400A4B8E3 /* Shops */,
			);
			name = Modules;
			sourceTree = "<group>";
		};
		9A4701091B56D72E00A4B8E3 /* Server */ = {
			isa = PBXGroup;
			children = (
				9A47010A1B56D77A00A4B8E3 /* ServerManager.swift */,
			);
			name = Server;
			sourceTree = "<group>";
		};
		9A47010C1B56E76400A4B8E3 /* Shops */ = {
			isa = PBXGroup;
			children = (
				9A47010D1B56E76B00A4B8E3 /* Cell */,
				9A4701031B56A99800A4B8E3 /* ShopListController.swift */,
				9A4701101B56EB5A00A4B8E3 /* ShopDetailController.swift */,
				9A8CB5BC1B59AA7E005B9754 /* ShopFilterOptionsController.swift */,
			);
			name = Shops;
			sourceTree = "<group>";
		};
		9A47010D1B56E76B00A4B8E3 /* Cell */ = {
			isa = PBXGroup;
			children = (
				9A47010E1B56E77E00A4B8E3 /* ShopCell.swift */,
			);
			name = Cell;
			sourceTree = "<group>";
		};
		9A47A88F1B5D18D20098E743 /* Fonts */ = {
			isa = PBXGroup;
			children = (
				9A47A8901B5D18D20098E743 /* FontAwesome.otf */,
				9A47A8911B5D18D20098E743 /* foundation-icons.ttf */,
				9A47A8921B5D18D20098E743 /* ionicons.ttf */,
				9A47A8931B5D18D20098E743 /* zocial-regular-webfont.ttf */,
			);
			path = Fonts;
			sourceTree = "<group>";
		};
		9A84AACD1B8F394F002CF88B /* ParallaxHeader */ = {
			isa = PBXGroup;
			children = (
				9A84AAD11B8F398C002CF88B /* UIImage+ImageEffects.h */,
				9A84AAD21B8F398C002CF88B /* UIImage+ImageEffects.m */,
				9A84AACE1B8F397A002CF88B /* ParallaxHeaderView.h */,
				9A84AACF1B8F397A002CF88B /* ParallaxHeaderView.m */,
			);
			name = ParallaxHeader;
			sourceTree = "<group>";
		};
		9AD808F51B5FDA5A0077DFD1 /* Extensions */ = {
			isa = PBXGroup;
			children = (
				9AD809011B5FDA9B0077DFD1 /* Designables */,
				9AD809001B5FDA930077DFD1 /* Animators */,
				9AD808F91B5FDA780077DFD1 /* UIView+VisualEffects.swift */,
				9AD809061B60F3D60077DFD1 /* UIViewController+Style.swift */,
				9AE65A2E1BA7012E00FDC1B6 /* String+Helpers.swift */,
			);
			name = Extensions;
			sourceTree = "<group>";
		};
		9AD809001B5FDA930077DFD1 /* Animators */ = {
			isa = PBXGroup;
			children = (
				9AD808F81B5FDA780077DFD1 /* PopAnimator.swift */,
				9AD808FA1B5FDA780077DFD1 /* ZoomAnimator.swift */,
			);
			name = Animators;
			sourceTree = "<group>";
		};
		9AD809011B5FDA9B0077DFD1 /* Designables */ = {
			isa = PBXGroup;
			children = (
				9AD808F61B5FDA780077DFD1 /* FADesignableIconButton.swift */,
				9AD808F71B5FDA780077DFD1 /* FADesignableIconLabel.swift */,
			);
			name = Designables;
			sourceTree = "<group>";
		};
		9AD809031B5FE8B20077DFD1 /* Settings */ = {
			isa = PBXGroup;
			children = (
				9AD809041B5FE8DF0077DFD1 /* SettingsController.swift */,
			);
			name = Settings;
			sourceTree = "<group>";
		};
		9AD809081B643E8A0077DFD1 /* YALSunnyRefreshControll */ = {
			isa = PBXGroup;
			children = (
				9AD809091B643E8A0077DFD1 /* YALSunnyRefreshControl.h */,
				9AD8090A1B643E8A0077DFD1 /* YALSunnyRefreshControl.m */,
				9AD8090B1B643E8A0077DFD1 /* YALSunnyRefreshControl.xib */,
			);
			path = YALSunnyRefreshControll;
			sourceTree = "<group>";
		};
		9AE65A2B1BA6F61500FDC1B6 /* Base */ = {
			isa = PBXGroup;
			children = (
				9AE65A2C1BA6F62C00FDC1B6 /* BaseController.swift */,
				9A2388DD1B67A3420090927F /* WebController.swift */,
			);
			name = Base;
			sourceTree = "<group>";
		};
/* End PBXGroup section */

/* Begin PBXNativeTarget section */
		9A4565F51B4D8B4400C40073 /* ShopFinder */ = {
			isa = PBXNativeTarget;
			buildConfigurationList = 9A4566151B4D8B4500C40073 /* Build configuration list for PBXNativeTarget "ShopFinder" */;
			buildPhases = (
				14073A688B6A380D48DD0F72 /* Check Pods Manifest.lock */,
				9A4565F21B4D8B4400C40073 /* Sources */,
				9A4565F31B4D8B4400C40073 /* Frameworks */,
				9A4565F41B4D8B4400C40073 /* Resources */,
				DEFF06777538F18C64CE71EA /* Embed Pods Frameworks */,
				D48AA2473828A1C602EE1086 /* Copy Pods Resources */,
				9AD809021B5FE85E0077DFD1 /* ShellScript */,
			);
			buildRules = (
			);
			dependencies = (
			);
			name = ShopFinder;
			productName = ShopFinder;
			productReference = 9A4565F61B4D8B4400C40073 /* ShopFinder.app */;
			productType = "com.apple.product-type.application";
		};
		9A45660A1B4D8B4500C40073 /* ShopFinderTests */ = {
			isa = PBXNativeTarget;
			buildConfigurationList = 9A4566181B4D8B4500C40073 /* Build configuration list for PBXNativeTarget "ShopFinderTests" */;
			buildPhases = (
				9A4566071B4D8B4500C40073 /* Sources */,
				9A4566081B4D8B4500C40073 /* Frameworks */,
				9A4566091B4D8B4500C40073 /* Resources */,
			);
			buildRules = (
			);
			dependencies = (
				9A45660D1B4D8B4500C40073 /* PBXTargetDependency */,
			);
			name = ShopFinderTests;
			productName = ShopFinderTests;
			productReference = 9A45660B1B4D8B4500C40073 /* ShopFinderTests.xctest */;
			productType = "com.apple.product-type.bundle.unit-test";
		};
/* End PBXNativeTarget section */

/* Begin PBXProject section */
		9A4565EE1B4D8B4400C40073 /* Project object */ = {
			isa = PBXProject;
			attributes = {
				LastSwiftMigration = 0700;
				LastSwiftUpdateCheck = 0700;
				LastUpgradeCheck = 0700;
				ORGANIZATIONNAME = "Barkala Studios";
				TargetAttributes = {
					9A4565F51B4D8B4400C40073 = {
						CreatedOnToolsVersion = 6.3.2;
						DevelopmentTeam = 6JKMF99UJA;
					};
					9A45660A1B4D8B4500C40073 = {
						CreatedOnToolsVersion = 6.3.2;
						TestTargetID = 9A4565F51B4D8B4400C40073;
					};
				};
			};
			buildConfigurationList = 9A4565F11B4D8B4400C40073 /* Build configuration list for PBXProject "ShopFinder" */;
			compatibilityVersion = "Xcode 3.2";
			developmentRegion = English;
			hasScannedForEncodings = 0;
			knownRegions = (
				en,
				Base,
			);
			mainGroup = 9A4565ED1B4D8B4400C40073;
			productRefGroup = 9A4565F71B4D8B4400C40073 /* Products */;
			projectDirPath = "";
			projectRoot = "";
			targets = (
				9A4565F51B4D8B4400C40073 /* ShopFinder */,
				9A45660A1B4D8B4500C40073 /* ShopFinderTests */,
			);
		};
/* End PBXProject section */

/* Begin PBXResourcesBuildPhase section */
		9A4565F41B4D8B4400C40073 /* Resources */ = {
			isa = PBXResourcesBuildPhase;
			buildActionMask = 2147483647;
			files = (
				9A47A8961B5D18D20098E743 /* ionicons.ttf in Resources */,
				9A4566011B4D8B4500C40073 /* Main.storyboard in Resources */,
				9A4566061B4D8B4500C40073 /* LaunchScreen.xib in Resources */,
				9A47A8971B5D18D20098E743 /* zocial-regular-webfont.ttf in Resources */,
				9A47A8941B5D18D20098E743 /* FontAwesome.otf in Resources */,
				9A4566031B4D8B4500C40073 /* Images.xcassets in Resources */,
				9AD8090D1B643E8A0077DFD1 /* YALSunnyRefreshControl.xib in Resources */,
				9A47A8951B5D18D20098E743 /* foundation-icons.ttf in Resources */,
			);
			runOnlyForDeploymentPostprocessing = 0;
		};
		9A4566091B4D8B4500C40073 /* Resources */ = {
			isa = PBXResourcesBuildPhase;
			buildActionMask = 2147483647;
			files = (
			);
			runOnlyForDeploymentPostprocessing = 0;
		};
/* End PBXResourcesBuildPhase section */

/* Begin PBXShellScriptBuildPhase section */
		14073A688B6A380D48DD0F72 /* Check Pods Manifest.lock */ = {
			isa = PBXShellScriptBuildPhase;
			buildActionMask = 2147483647;
			files = (
			);
			inputPaths = (
			);
			name = "Check Pods Manifest.lock";
			outputPaths = (
			);
			runOnlyForDeploymentPostprocessing = 0;
			shellPath = /bin/sh;
			shellScript = "diff \"${PODS_ROOT}/../Podfile.lock\" \"${PODS_ROOT}/Manifest.lock\" > /dev/null\nif [[ $? != 0 ]] ; then\n    cat << EOM\nerror: The sandbox is not in sync with the Podfile.lock. Run 'pod install' or update your CocoaPods installation.\nEOM\n    exit 1\nfi\n";
			showEnvVarsInLog = 0;
		};
		9AD809021B5FE85E0077DFD1 /* ShellScript */ = {
			isa = PBXShellScriptBuildPhase;
			buildActionMask = 2147483647;
			files = (
			);
			inputPaths = (
			);
			outputPaths = (
			);
			runOnlyForDeploymentPostprocessing = 0;
			shellPath = /bin/sh;
			shellScript = "";
		};
		D48AA2473828A1C602EE1086 /* Copy Pods Resources */ = {
			isa = PBXShellScriptBuildPhase;
			buildActionMask = 2147483647;
			files = (
			);
			inputPaths = (
			);
			name = "Copy Pods Resources";
			outputPaths = (
			);
			runOnlyForDeploymentPostprocessing = 0;
			shellPath = /bin/sh;
			shellScript = "\"${SRCROOT}/Pods/Target Support Files/Pods/Pods-resources.sh\"\n";
			showEnvVarsInLog = 0;
		};
		DEFF06777538F18C64CE71EA /* Embed Pods Frameworks */ = {
			isa = PBXShellScriptBuildPhase;
			buildActionMask = 2147483647;
			files = (
			);
			inputPaths = (
			);
			name = "Embed Pods Frameworks";
			outputPaths = (
			);
			runOnlyForDeploymentPostprocessing = 0;
			shellPath = /bin/sh;
			shellScript = "\"${SRCROOT}/Pods/Target Support Files/Pods/Pods-frameworks.sh\"\n";
			showEnvVarsInLog = 0;
		};
/* End PBXShellScriptBuildPhase section */

/* Begin PBXSourcesBuildPhase section */
		9A4565F21B4D8B4400C40073 /* Sources */ = {
			isa = PBXSourcesBuildPhase;
			buildActionMask = 2147483647;
			files = (
				9A84AAD01B8F397A002CF88B /* ParallaxHeaderView.m in Sources */,
				9A8CB5BD1B59AA7E005B9754 /* ShopFilterOptionsController.swift in Sources */,
				9A84AAD31B8F398C002CF88B /* UIImage+ImageEffects.m in Sources */,
				9A47010B1B56D77A00A4B8E3 /* ServerManager.swift in Sources */,
				9AD8090C1B643E8A0077DFD1 /* YALSunnyRefreshControl.m in Sources */,
				9AD808FB1B5FDA780077DFD1 /* FADesignableIconButton.swift in Sources */,
				9A8CB5BB1B594F06005B9754 /* AppConfig.swift in Sources */,
				9A47010F1B56E77E00A4B8E3 /* ShopCell.swift in Sources */,
				9A45661C1B4D98B300C40073 /* MainRootController.swift in Sources */,
				9A4565FC1B4D8B4500C40073 /* AppDelegate.swift in Sources */,
				9A37A6471B6789AE0067B8DB /* JBParallaxCell.m in Sources */,
				9AD809051B5FE8DF0077DFD1 /* SettingsController.swift in Sources */,
				9AE65A2F1BA7012E00FDC1B6 /* String+Helpers.swift in Sources */,
				9AD809071B60F3D60077DFD1 /* UIViewController+Style.swift in Sources */,
				9AD808FF1B5FDA780077DFD1 /* ZoomAnimator.swift in Sources */,
				9AD808FC1B5FDA780077DFD1 /* FADesignableIconLabel.swift in Sources */,
				9A2388DE1B67A3420090927F /* WebController.swift in Sources */,
				9AD808FE1B5FDA780077DFD1 /* UIView+VisualEffects.swift in Sources */,
				9A4701041B56A99800A4B8E3 /* ShopListController.swift in Sources */,
				9AD808FD1B5FDA780077DFD1 /* PopAnimator.swift in Sources */,
				9A4566351B4DA2C600C40073 /* MenuController.swift in Sources */,
				9AE65A2D1BA6F62C00FDC1B6 /* BaseController.swift in Sources */,
				9A4701111B56EB5A00A4B8E3 /* ShopDetailController.swift in Sources */,
			);
			runOnlyForDeploymentPostprocessing = 0;
		};
		9A4566071B4D8B4500C40073 /* Sources */ = {
			isa = PBXSourcesBuildPhase;
			buildActionMask = 2147483647;
			files = (
				9A4566121B4D8B4500C40073 /* ShopFinderTests.swift in Sources */,
			);
			runOnlyForDeploymentPostprocessing = 0;
		};
/* End PBXSourcesBuildPhase section */

/* Begin PBXTargetDependency section */
		9A45660D1B4D8B4500C40073 /* PBXTargetDependency */ = {
			isa = PBXTargetDependency;
			target = 9A4565F51B4D8B4400C40073 /* ShopFinder */;
			targetProxy = 9A45660C1B4D8B4500C40073 /* PBXContainerItemProxy */;
		};
/* End PBXTargetDependency section */

/* Begin PBXVariantGroup section */
		9A4565FF1B4D8B4500C40073 /* Main.storyboard */ = {
			isa = PBXVariantGroup;
			children = (
				9A4566001B4D8B4500C40073 /* Base */,
			);
			name = Main.storyboard;
			sourceTree = "<group>";
		};
		9A4566041B4D8B4500C40073 /* LaunchScreen.xib */ = {
			isa = PBXVariantGroup;
			children = (
				9A4566051B4D8B4500C40073 /* Base */,
			);
			name = LaunchScreen.xib;
			sourceTree = "<group>";
		};
/* End PBXVariantGroup section */

/* Begin XCBuildConfiguration section */
		9A4566131B4D8B4500C40073 /* Debug */ = {
			isa = XCBuildConfiguration;
			buildSettings = {
				ALWAYS_SEARCH_USER_PATHS = NO;
				CLANG_CXX_LANGUAGE_STANDARD = "gnu++0x";
				CLANG_CXX_LIBRARY = "libc++";
				CLANG_ENABLE_MODULES = YES;
				CLANG_ENABLE_OBJC_ARC = YES;
				CLANG_WARN_BOOL_CONVERSION = YES;
				CLANG_WARN_CONSTANT_CONVERSION = YES;
				CLANG_WARN_DIRECT_OBJC_ISA_USAGE = YES_ERROR;
				CLANG_WARN_EMPTY_BODY = YES;
				CLANG_WARN_ENUM_CONVERSION = YES;
				CLANG_WARN_INT_CONVERSION = YES;
				CLANG_WARN_OBJC_ROOT_CLASS = YES_ERROR;
				CLANG_WARN_UNREACHABLE_CODE = YES;
				CLANG_WARN__DUPLICATE_METHOD_MATCH = YES;
				"CODE_SIGN_IDENTITY[sdk=iphoneos*]" = "iPhone Developer";
				COPY_PHASE_STRIP = NO;
				DEBUG_INFORMATION_FORMAT = "dwarf-with-dsym";
				ENABLE_STRICT_OBJC_MSGSEND = YES;
				ENABLE_TESTABILITY = YES;
				GCC_C_LANGUAGE_STANDARD = gnu99;
				GCC_DYNAMIC_NO_PIC = NO;
				GCC_NO_COMMON_BLOCKS = YES;
				GCC_OPTIMIZATION_LEVEL = 0;
				GCC_PREPROCESSOR_DEFINITIONS = (
					"DEBUG=1",
					"$(inherited)",
				);
				GCC_SYMBOLS_PRIVATE_EXTERN = NO;
				GCC_WARN_64_TO_32_BIT_CONVERSION = YES;
				GCC_WARN_ABOUT_RETURN_TYPE = YES_ERROR;
				GCC_WARN_UNDECLARED_SELECTOR = YES;
				GCC_WARN_UNINITIALIZED_AUTOS = YES_AGGRESSIVE;
				GCC_WARN_UNUSED_FUNCTION = YES;
				GCC_WARN_UNUSED_VARIABLE = YES;
				IPHONEOS_DEPLOYMENT_TARGET = 8.3;
				MTL_ENABLE_DEBUG_INFO = YES;
				ONLY_ACTIVE_ARCH = YES;
				SDKROOT = iphoneos;
				SWIFT_OPTIMIZATION_LEVEL = "-Onone";
				TARGETED_DEVICE_FAMILY = "1,2";
			};
			name = Debug;
		};
		9A4566141B4D8B4500C40073 /* Release */ = {
			isa = XCBuildConfiguration;
			buildSettings = {
				ALWAYS_SEARCH_USER_PATHS = NO;
				CLANG_CXX_LANGUAGE_STANDARD = "gnu++0x";
				CLANG_CXX_LIBRARY = "libc++";
				CLANG_ENABLE_MODULES = YES;
				CLANG_ENABLE_OBJC_ARC = YES;
				CLANG_WARN_BOOL_CONVERSION = YES;
				CLANG_WARN_CONSTANT_CONVERSION = YES;
				CLANG_WARN_DIRECT_OBJC_ISA_USAGE = YES_ERROR;
				CLANG_WARN_EMPTY_BODY = YES;
				CLANG_WARN_ENUM_CONVERSION = YES;
				CLANG_WARN_INT_CONVERSION = YES;
				CLANG_WARN_OBJC_ROOT_CLASS = YES_ERROR;
				CLANG_WARN_UNREACHABLE_CODE = YES;
				CLANG_WARN__DUPLICATE_METHOD_MATCH = YES;
				"CODE_SIGN_IDENTITY[sdk=iphoneos*]" = "iPhone Developer";
				COPY_PHASE_STRIP = NO;
				DEBUG_INFORMATION_FORMAT = "dwarf-with-dsym";
				ENABLE_NS_ASSERTIONS = NO;
				ENABLE_STRICT_OBJC_MSGSEND = YES;
				GCC_C_LANGUAGE_STANDARD = gnu99;
				GCC_NO_COMMON_BLOCKS = YES;
				GCC_WARN_64_TO_32_BIT_CONVERSION = YES;
				GCC_WARN_ABOUT_RETURN_TYPE = YES_ERROR;
				GCC_WARN_UNDECLARED_SELECTOR = YES;
				GCC_WARN_UNINITIALIZED_AUTOS = YES_AGGRESSIVE;
				GCC_WARN_UNUSED_FUNCTION = YES;
				GCC_WARN_UNUSED_VARIABLE = YES;
				IPHONEOS_DEPLOYMENT_TARGET = 8.3;
				MTL_ENABLE_DEBUG_INFO = NO;
				SDKROOT = iphoneos;
				TARGETED_DEVICE_FAMILY = "1,2";
				VALIDATE_PRODUCT = YES;
			};
			name = Release;
		};
		9A4566161B4D8B4500C40073 /* Debug */ = {
			isa = XCBuildConfiguration;
			baseConfigurationReference = 8B29ED826246084DC28B7E2D /* Pods.debug.xcconfig */;
			buildSettings = {
				ASSETCATALOG_COMPILER_APPICON_NAME = AppIcon;
				CLANG_ENABLE_MODULES = YES;
				CODE_SIGN_IDENTITY = "iPhone Developer";
				ENABLE_BITCODE = NO;
				FRAMEWORK_SEARCH_PATHS = (
					"$(inherited)",
					"$(PROJECT_DIR)/ShopFinder",
				);
				INFOPLIST_FILE = ShopFinder/Info.plist;
				LD_RUNPATH_SEARCH_PATHS = "$(inherited) @executable_path/Frameworks";
				PRODUCT_BUNDLE_IDENTIFIER = "com.barkalastudios.$(PRODUCT_NAME:rfc1034identifier)";
				PRODUCT_NAME = "$(TARGET_NAME)";
				SWIFT_OBJC_BRIDGING_HEADER = "ShopFinder/ShopFinder-Bridging-Header.h";
				SWIFT_OPTIMIZATION_LEVEL = "-Onone";
			};
			name = Debug;
		};
		9A4566171B4D8B4500C40073 /* Release */ = {
			isa = XCBuildConfiguration;
			baseConfigurationReference = 182D109AC3AA1CD2F75BDABF /* Pods.release.xcconfig */;
			buildSettings = {
				ASSETCATALOG_COMPILER_APPICON_NAME = AppIcon;
				CLANG_ENABLE_MODULES = YES;
				CODE_SIGN_IDENTITY = "iPhone Developer";
				ENABLE_BITCODE = NO;
				FRAMEWORK_SEARCH_PATHS = (
					"$(inherited)",
					"$(PROJECT_DIR)/ShopFinder",
				);
				INFOPLIST_FILE = ShopFinder/Info.plist;
				LD_RUNPATH_SEARCH_PATHS = "$(inherited) @executable_path/Frameworks";
				PRODUCT_BUNDLE_IDENTIFIER = "com.barkalastudios.$(PRODUCT_NAME:rfc1034identifier)";
				PRODUCT_NAME = "$(TARGET_NAME)";
				SWIFT_OBJC_BRIDGING_HEADER = "ShopFinder/ShopFinder-Bridging-Header.h";
			};
			name = Release;
		};
		9A4566191B4D8B4500C40073 /* Debug */ = {
			isa = XCBuildConfiguration;
			buildSettings = {
				BUNDLE_LOADER = "$(TEST_HOST)";
				FRAMEWORK_SEARCH_PATHS = (
					"$(SDKROOT)/Developer/Library/Frameworks",
					"$(inherited)",
				);
				GCC_PREPROCESSOR_DEFINITIONS = (
					"DEBUG=1",
					"$(inherited)",
				);
				INFOPLIST_FILE = ShopFinderTests/Info.plist;
				LD_RUNPATH_SEARCH_PATHS = "$(inherited) @executable_path/Frameworks @loader_path/Frameworks";
				PRODUCT_BUNDLE_IDENTIFIER = "com.barkalastudios.$(PRODUCT_NAME:rfc1034identifier)";
				PRODUCT_NAME = "$(TARGET_NAME)";
				TEST_HOST = "$(BUILT_PRODUCTS_DIR)/ShopFinder.app/ShopFinder";
			};
			name = Debug;
		};
		9A45661A1B4D8B4500C40073 /* Release */ = {
			isa = XCBuildConfiguration;
			buildSettings = {
				BUNDLE_LOADER = "$(TEST_HOST)";
				FRAMEWORK_SEARCH_PATHS = (
					"$(SDKROOT)/Developer/Library/Frameworks",
					"$(inherited)",
				);
				INFOPLIST_FILE = ShopFinderTests/Info.plist;
				LD_RUNPATH_SEARCH_PATHS = "$(inherited) @executable_path/Frameworks @loader_path/Frameworks";
				PRODUCT_BUNDLE_IDENTIFIER = "com.barkalastudios.$(PRODUCT_NAME:rfc1034identifier)";
				PRODUCT_NAME = "$(TARGET_NAME)";
				TEST_HOST = "$(BUILT_PRODUCTS_DIR)/ShopFinder.app/ShopFinder";
			};
			name = Release;
		};
/* End XCBuildConfiguration section */

/* Begin XCConfigurationList section */
		9A4565F11B4D8B4400C40073 /* Build configuration list for PBXProject "ShopFinder" */ = {
			isa = XCConfigurationList;
			buildConfigurations = (
				9A4566131B4D8B4500C40073 /* Debug */,
				9A4566141B4D8B4500C40073 /* Release */,
			);
			defaultConfigurationIsVisible = 0;
			defaultConfigurationName = Release;
		};
		9A4566151B4D8B4500C40073 /* Build configuration list for PBXNativeTarget "ShopFinder" */ = {
			isa = XCConfigurationList;
			buildConfigurations = (
				9A4566161B4D8B4500C40073 /* Debug */,
				9A4566171B4D8B4500C40073 /* Release */,
			);
			defaultConfigurationIsVisible = 0;
			defaultConfigurationName = Release;
		};
		9A4566181B4D8B4500C40073 /* Build configuration list for PBXNativeTarget "ShopFinderTests" */ = {
			isa = XCConfigurationList;
			buildConfigurations = (
				9A4566191B4D8B4500C40073 /* Debug */,
				9A45661A1B4D8B4500C40073 /* Release */,
			);
			defaultConfigurationIsVisible = 0;
			defaultConfigurationName = Release;
		};
/* End XCConfigurationList section */
	};
	rootObject = 9A4565EE1B4D8B4400C40073 /* Project object */;
}
